
Microsoft Visual Studio Solution File, Format Version 12.00
# Visual Studio 14
VisualStudioVersion = 14.0.23107.0
MinimumVisualStudioVersion = 10.0.40219.1
Project("{FAE04EC0-301F-11D3-BF4B-00C04F79EFBC}") = "AzureApplicationDemo", "AzureApplicationDemo\AzureApplicationDemo.csproj", "{BA224AC8-C905-4E63-96F2-20AABFF85A38}"
EndProject
Project("{FAE04EC0-301F-11D3-BF4B-00C04F79EFBC}") = "BatchTask", "BatchTask\BatchTask.csproj", "{E5037605-45BE-400B-A767-8BA68090AF24}"
EndProject
Global
	GlobalSection(SolutionConfigurationPlatforms) = preSolution
		Debug|Any CPU = Debug|Any CPU
		Release|Any CPU = Release|Any CPU
	EndGlobalSection
	GlobalSection(ProjectConfigurationPlatforms) = postSolution
		{BA224AC8-C905-4E63-96F2-20AABFF85A38}.Debug|Any CPU.ActiveCfg = Debug|Any CPU
		{BA224AC8-C905-4E63-96F2-20AABFF85A38}.Debug|Any CPU.Build.0 = Debug|Any CPU
		{BA224AC8-C905-4E63-96F2-20AABFF85A38}.Release|Any CPU.ActiveCfg = Release|Any CPU
		{BA224AC8-C905-4E63-96F2-20AABFF85A38}.Release|Any CPU.Build.0 = Release|Any CPU
		{E5037605-45BE-400B-A767-8BA68090AF24}.Debug|Any CPU.ActiveCfg = Debug|Any CPU
		{E5037605-45BE-400B-A767-8BA68090AF24}.Debug|Any CPU.Build.0 = Debug|Any CPU
		{E5037605-45BE-400B-A767-8BA68090AF24}.Release|Any CPU.ActiveCfg = Release|Any CPU
		{E5037605-45BE-400B-A767-8BA68090AF24}.Release|Any CPU.Build.0 = Release|Any CPU
	EndGlobalSection
	GlobalSection(SolutionProperties) = preSolution
		HideSolutionNode = FALSE
	EndGlobalSection
EndGlobal
